
Microsoft Visual Studio Solution File, Format Version 12.00
# Visual Studio Version 17
VisualStudioVersion = 17.10.35122.118
MinimumVisualStudioVersion = 10.0.40219.1
Project("{9A19103F-16F7-4668-BE54-9A1E7A4F7556}") = "HomeworkGB10", "HomeworkGB10\HomeworkGB10.csproj", "{12FEEB5E-F1BA-4FD4-B2AA-6BEA275ABBC5}"
EndProject
Project("{9A19103F-16F7-4668-BE54-9A1E7A4F7556}") = "HomeworkGB11", "HomeworkGB11\HomeworkGB11.csproj", "{6C366E02-D194-4AD5-A1D8-3A6092C25A50}"
EndProject
Project("{9A19103F-16F7-4668-BE54-9A1E7A4F7556}") = "HomeworkGB12", "HomeworkGB12\HomeworkGB12.csproj", "{66426F80-BC8C-40B7-A176-E13F86A45E1C}"
EndProject
Project("{2150E333-8FDC-42A3-9474-1A3956D46DE8}") = "Элементы решения", "Элементы решения", "{938C80C2-9FDE-4416-95A2-F50CC6B200E7}"
	ProjectSection(SolutionItems) = preProject
		TODO.txt = TODO.txt
	EndProjectSection
EndProject
Project("{E53339B2-1760-4266-BCC7-CA923CBCF16C}") = "docker-compose", "docker-compose.dcproj", "{C7C89F18-B1AB-4A84-AA64-0E2D8BF3572D}"
EndProject
Project("{FAE04EC0-301F-11D3-BF4B-00C04F79EFBC}") = "HomeworkGB13", "HomeworkGB13\HomeworkGB13.csproj", "{E929C7AF-0D42-445C-BB38-F440505D6B58}"
EndProject
Global
	GlobalSection(SolutionConfigurationPlatforms) = preSolution
		Debug|Any CPU = Debug|Any CPU
		Release|Any CPU = Release|Any CPU
	EndGlobalSection
	GlobalSection(ProjectConfigurationPlatforms) = postSolution
		{12FEEB5E-F1BA-4FD4-B2AA-6BEA275ABBC5}.Debug|Any CPU.ActiveCfg = Debug|Any CPU
		{12FEEB5E-F1BA-4FD4-B2AA-6BEA275ABBC5}.Debug|Any CPU.Build.0 = Debug|Any CPU
		{12FEEB5E-F1BA-4FD4-B2AA-6BEA275ABBC5}.Release|Any CPU.ActiveCfg = Release|Any CPU
		{12FEEB5E-F1BA-4FD4-B2AA-6BEA275ABBC5}.Release|Any CPU.Build.0 = Release|Any CPU
		{6C366E02-D194-4AD5-A1D8-3A6092C25A50}.Debug|Any CPU.ActiveCfg = Debug|Any CPU
		{6C366E02-D194-4AD5-A1D8-3A6092C25A50}.Debug|Any CPU.Build.0 = Debug|Any CPU
		{6C366E02-D194-4AD5-A1D8-3A6092C25A50}.Release|Any CPU.ActiveCfg = Release|Any CPU
		{6C366E02-D194-4AD5-A1D8-3A6092C25A50}.Release|Any CPU.Build.0 = Release|Any CPU
		{66426F80-BC8C-40B7-A176-E13F86A45E1C}.Debug|Any CPU.ActiveCfg = Debug|Any CPU
		{66426F80-BC8C-40B7-A176-E13F86A45E1C}.Debug|Any CPU.Build.0 = Debug|Any CPU
		{66426F80-BC8C-40B7-A176-E13F86A45E1C}.Release|Any CPU.ActiveCfg = Release|Any CPU
		{66426F80-BC8C-40B7-A176-E13F86A45E1C}.Release|Any CPU.Build.0 = Release|Any CPU
		{C7C89F18-B1AB-4A84-AA64-0E2D8BF3572D}.Debug|Any CPU.ActiveCfg = Debug|Any CPU
		{C7C89F18-B1AB-4A84-AA64-0E2D8BF3572D}.Debug|Any CPU.Build.0 = Debug|Any CPU
		{C7C89F18-B1AB-4A84-AA64-0E2D8BF3572D}.Release|Any CPU.ActiveCfg = Release|Any CPU
		{C7C89F18-B1AB-4A84-AA64-0E2D8BF3572D}.Release|Any CPU.Build.0 = Release|Any CPU
		{E929C7AF-0D42-445C-BB38-F440505D6B58}.Debug|Any CPU.ActiveCfg = Debug|Any CPU
		{E929C7AF-0D42-445C-BB38-F440505D6B58}.Debug|Any CPU.Build.0 = Debug|Any CPU
		{E929C7AF-0D42-445C-BB38-F440505D6B58}.Release|Any CPU.ActiveCfg = Release|Any CPU
		{E929C7AF-0D42-445C-BB38-F440505D6B58}.Release|Any CPU.Build.0 = Release|Any CPU
	EndGlobalSection
	GlobalSection(SolutionProperties) = preSolution
		HideSolutionNode = FALSE
	EndGlobalSection
	GlobalSection(ExtensibilityGlobals) = postSolution
		SolutionGuid = {3DCF9E32-CBAA-4A76-8FF4-CDB5520077F6}
	EndGlobalSection
EndGlobal
